
Microsoft Visual Studio Solution File, Format Version 12.00
# Visual Studio Version 17
VisualStudioVersion = 17.0.31903.59
MinimumVisualStudioVersion = 10.0.40219.1
Project("{FAE04EC0-301F-11D3-BF4B-00C04F79EFBC}") = "Task2", "Task2\Task2.csproj", "{7E414E50-4739-49FC-B94F-E0675B924D19}"
EndProject
Project("{FAE04EC0-301F-11D3-BF4B-00C04F79EFBC}") = "Task3", "Task3\Task3.csproj", "{C8517723-6F17-49A4-9921-50457DA1270B}"
EndProject
Project("{FAE04EC0-301F-11D3-BF4B-00C04F79EFBC}") = "Task4", "Task4\Task4.csproj", "{B83E6DAE-49ED-426C-9F55-840BC10BA426}"
EndProject
Project("{FAE04EC0-301F-11D3-BF4B-00C04F79EFBC}") = "Task5", "Task5\Task5.csproj", "{68155DF7-AA88-4172-8515-105CF60D71E9}"
EndProject
Global
	GlobalSection(SolutionConfigurationPlatforms) = preSolution
		Debug|Any CPU = Debug|Any CPU
		Release|Any CPU = Release|Any CPU
	EndGlobalSection
	GlobalSection(SolutionProperties) = preSolution
		HideSolutionNode = FALSE
	EndGlobalSection
	GlobalSection(ProjectConfigurationPlatforms) = postSolution
		{7E414E50-4739-49FC-B94F-E0675B924D19}.Debug|Any CPU.ActiveCfg = Debug|Any CPU
		{7E414E50-4739-49FC-B94F-E0675B924D19}.Debug|Any CPU.Build.0 = Debug|Any CPU
		{7E414E50-4739-49FC-B94F-E0675B924D19}.Release|Any CPU.ActiveCfg = Release|Any CPU
		{7E414E50-4739-49FC-B94F-E0675B924D19}.Release|Any CPU.Build.0 = Release|Any CPU
		{C8517723-6F17-49A4-9921-50457DA1270B}.Debug|Any CPU.ActiveCfg = Debug|Any CPU
		{C8517723-6F17-49A4-9921-50457DA1270B}.Debug|Any CPU.Build.0 = Debug|Any CPU
		{C8517723-6F17-49A4-9921-50457DA1270B}.Release|Any CPU.ActiveCfg = Release|Any CPU
		{C8517723-6F17-49A4-9921-50457DA1270B}.Release|Any CPU.Build.0 = Release|Any CPU
		{B83E6DAE-49ED-426C-9F55-840BC10BA426}.Debug|Any CPU.ActiveCfg = Debug|Any CPU
		{B83E6DAE-49ED-426C-9F55-840BC10BA426}.Debug|Any CPU.Build.0 = Debug|Any CPU
		{B83E6DAE-49ED-426C-9F55-840BC10BA426}.Release|Any CPU.ActiveCfg = Release|Any CPU
		{B83E6DAE-49ED-426C-9F55-840BC10BA426}.Release|Any CPU.Build.0 = Release|Any CPU
		{68155DF7-AA88-4172-8515-105CF60D71E9}.Debug|Any CPU.ActiveCfg = Debug|Any CPU
		{68155DF7-AA88-4172-8515-105CF60D71E9}.Debug|Any CPU.Build.0 = Debug|Any CPU
		{68155DF7-AA88-4172-8515-105CF60D71E9}.Release|Any CPU.ActiveCfg = Release|Any CPU
		{68155DF7-AA88-4172-8515-105CF60D71E9}.Release|Any CPU.Build.0 = Release|Any CPU
	EndGlobalSection
EndGlobal
